# THIS IS AN AUTOGENERATED FILE. DO NOT EDIT THIS FILE DIRECTLY.
# yarn lockfile v1


i@^0.3.6:
  version "0.3.6"
  resolved "https://registry.yarnpkg.com/i/-/i-0.3.6.tgz#d96c92732076f072711b6b10fd7d4f65ad8ee23d"
  integrity sha1-2WyScyB28HJxG2sQ/X1PZa2O4j0=

y@^0.3.2:
  version "0.3.2"
  resolved "https://registry.yarnpkg.com/y/-/y-0.3.2.tgz#bd08711d26b034d026a30599a9919a63fe43c3fa"
  integrity sha1-vQhxHSawNNAmowWZqZGaY/5Dw/o=
